// !$*UTF8*$!
{
	archiveVersion = 1;
	classes = {
	};
	objectVersion = 51;
	objects = {

/* Begin PBXBuildFile section */
		0495EFAE257A06D800BCD1E9 /* AppDelegate.m in Sources */ = {isa = PBXBuildFile; fileRef = 0495EFAD257A06D800BCD1E9 /* AppDelegate.m */; };
		0495EFB1257A06D800BCD1E9 /* SceneDelegate.m in Sources */ = {isa = PBXBuildFile; fileRef = 0495EFB0257A06D800BCD1E9 /* SceneDelegate.m */; };
		0495EFB4257A06D800BCD1E9 /* ViewController.m in Sources */ = {isa = PBXBuildFile; fileRef = 0495EFB3257A06D800BCD1E9 /* ViewController.m */; };
		0495EFB7257A06D800BCD1E9 /* Main.storyboard in Resources */ = {isa = PBXBuildFile; fileRef = 0495EFB5257A06D800BCD1E9 /* Main.storyboard */; };
		0495EFB9257A06DA00BCD1E9 /* Assets.xcassets in Resources */ = {isa = PBXBuildFile; fileRef = 0495EFB8257A06DA00BCD1E9 /* Assets.xcassets */; };
		0495EFBC257A06DA00BCD1E9 /* LaunchScreen.storyboard in Resources */ = {isa = PBXBuildFile; fileRef = 0495EFBA257A06DA00BCD1E9 /* LaunchScreen.storyboard */; };
		0495EFBF257A06DA00BCD1E9 /* main.m in Sources */ = {isa = PBXBuildFile; fileRef = 0495EFBE257A06DA00BCD1E9 /* main.m */; };
		0495EFC9257A06DA00BCD1E9 /* LKAppCoreTests.m in Sources */ = {isa = PBXBuildFile; fileRef = 0495EFC8257A06DA00BCD1E9 /* LKAppCoreTests.m */; };
		0495EFD4257A06DA00BCD1E9 /* LKAppCoreUITests.m in Sources */ = {isa = PBXBuildFile; fileRef = 0495EFD3257A06DA00BCD1E9 /* LKAppCoreUITests.m */; };
		0495F091257A216500BCD1E9 /* LKUserInfoManager.m in Sources */ = {isa = PBXBuildFile; fileRef = 0495F087257A216500BCD1E9 /* LKUserInfoManager.m */; };
		0495F092257A216500BCD1E9 /* LKResponse.m in Sources */ = {isa = PBXBuildFile; fileRef = 0495F089257A216500BCD1E9 /* LKResponse.m */; };
		0495F093257A216500BCD1E9 /* LKRequest.m in Sources */ = {isa = PBXBuildFile; fileRef = 0495F08B257A216500BCD1E9 /* LKRequest.m */; };
		0495F094257A216500BCD1E9 /* LKUserModel.m in Sources */ = {isa = PBXBuildFile; fileRef = 0495F08D257A216500BCD1E9 /* LKUserModel.m */; };
		0495F095257A216500BCD1E9 /* LKUploadRequest.m in Sources */ = {isa = PBXBuildFile; fileRef = 0495F08F257A216500BCD1E9 /* LKUploadRequest.m */; };
		4B3BCED2778787F01D090937 /* Pods_LKAppCoreTests.framework in Frameworks */ = {isa = PBXBuildFile; fileRef = 2BED524C50D9B3DA3BC26F9A /* Pods_LKAppCoreTests.framework */; };
		D5A2CF2D3D8F3D20202C3629 /* Pods_LKAppCore.framework in Frameworks */ = {isa = PBXBuildFile; fileRef = 27B1BFA6400811DE32C229FA /* Pods_LKAppCore.framework */; };
		FA66BF3B4C488426CBBF4AD1 /* Pods_LKAppCore_LKAppCoreUITests.framework in Frameworks */ = {isa = PBXBuildFile; fileRef = 653D3CEF17D161220F140326 /* Pods_LKAppCore_LKAppCoreUITests.framework */; };
/* End PBXBuildFile section */

/* Begin PBXContainerItemProxy section */
		0495EFC5257A06DA00BCD1E9 /* PBXContainerItemProxy */ = {
			isa = PBXContainerItemProxy;
			containerPortal = 0495EFA1257A06D800BCD1E9 /* Project object */;
			proxyType = 1;
			remoteGlobalIDString = 0495EFA8257A06D800BCD1E9;
			remoteInfo = LKAppCore;
		};
		0495EFD0257A06DA00BCD1E9 /* PBXContainerItemProxy */ = {
			isa = PBXContainerItemProxy;
			containerPortal = 0495EFA1257A06D800BCD1E9 /* Project object */;
			proxyType = 1;
			remoteGlobalIDString = 0495EFA8257A06D800BCD1E9;
			remoteInfo = LKAppCore;
		};
/* End PBXContainerItemProxy section */

/* Begin PBXFileReference section */
		0495EFA9257A06D800BCD1E9 /* LKAppCore.app */ = {isa = PBXFileReference; explicitFileType = wrapper.application; includeInIndex = 0; path = LKAppCore.app; sourceTree = BUILT_PRODUCTS_DIR; };
		0495EFAC257A06D800BCD1E9 /* AppDelegate.h */ = {isa = PBXFileReference; lastKnownFileType = sourcecode.c.h; path = AppDelegate.h; sourceTree = "<group>"; };
		0495EFAD257A06D800BCD1E9 /* AppDelegate.m */ = {isa = PBXFileReference; lastKnownFileType = sourcecode.c.objc; path = AppDelegate.m; sourceTree = "<group>"; };
		0495EFAF257A06D800BCD1E9 /* SceneDelegate.h */ = {isa = PBXFileReference; lastKnownFileType = sourcecode.c.h; path = SceneDelegate.h; sourceTree = "<group>"; };
		0495EFB0257A06D800BCD1E9 /* SceneDelegate.m */ = {isa = PBXFileReference; lastKnownFileType = sourcecode.c.objc; path = SceneDelegate.m; sourceTree = "<group>"; };
		0495EFB2257A06D800BCD1E9 /* ViewController.h */ = {isa = PBXFileReference; lastKnownFileType = sourcecode.c.h; path = ViewController.h; sourceTree = "<group>"; };
		0495EFB3257A06D800BCD1E9 /* ViewController.m */ = {isa = PBXFileReference; lastKnownFileType = sourcecode.c.objc; path = ViewController.m; sourceTree = "<group>"; };
		0495EFB6257A06D800BCD1E9 /* Base */ = {isa = PBXFileReference; lastKnownFileType = file.storyboard; name = Base; path = Base.lproj/Main.storyboard; sourceTree = "<group>"; };
		0495EFB8257A06DA00BCD1E9 /* Assets.xcassets */ = {isa = PBXFileReference; lastKnownFileType = folder.assetcatalog; path = Assets.xcassets; sourceTree = "<group>"; };
		0495EFBB257A06DA00BCD1E9 /* Base */ = {isa = PBXFileReference; lastKnownFileType = file.storyboard; name = Base; path = Base.lproj/LaunchScreen.storyboard; sourceTree = "<group>"; };
		0495EFBD257A06DA00BCD1E9 /* Info.plist */ = {isa = PBXFileReference; lastKnownFileType = text.plist.xml; path = Info.plist; sourceTree = "<group>"; };
		0495EFBE257A06DA00BCD1E9 /* main.m */ = {isa = PBXFileReference; lastKnownFileType = sourcecode.c.objc; path = main.m; sourceTree = "<group>"; };
		0495EFC4257A06DA00BCD1E9 /* LKAppCoreTests.xctest */ = {isa = PBXFileReference; explicitFileType = wrapper.cfbundle; includeInIndex = 0; path = LKAppCoreTests.xctest; sourceTree = BUILT_PRODUCTS_DIR; };
		0495EFC8257A06DA00BCD1E9 /* LKAppCoreTests.m */ = {isa = PBXFileReference; lastKnownFileType = sourcecode.c.objc; path = LKAppCoreTests.m; sourceTree = "<group>"; };
		0495EFCA257A06DA00BCD1E9 /* Info.plist */ = {isa = PBXFileReference; lastKnownFileType = text.plist.xml; path = Info.plist; sourceTree = "<group>"; };
		0495EFCF257A06DA00BCD1E9 /* LKAppCoreUITests.xctest */ = {isa = PBXFileReference; explicitFileType = wrapper.cfbundle; includeInIndex = 0; path = LKAppCoreUITests.xctest; sourceTree = BUILT_PRODUCTS_DIR; };
		0495EFD3257A06DA00BCD1E9 /* LKAppCoreUITests.m */ = {isa = PBXFileReference; lastKnownFileType = sourcecode.c.objc; path = LKAppCoreUITests.m; sourceTree = "<group>"; };
		0495EFD5257A06DA00BCD1E9 /* Info.plist */ = {isa = PBXFileReference; lastKnownFileType = text.plist.xml; path = Info.plist; sourceTree = "<group>"; };
		0495F087257A216500BCD1E9 /* LKUserInfoManager.m */ = {isa = PBXFileReference; fileEncoding = 4; lastKnownFileType = sourcecode.c.objc; path = LKUserInfoManager.m; sourceTree = "<group>"; };
		0495F088257A216500BCD1E9 /* LKUserModel.h */ = {isa = PBXFileReference; fileEncoding = 4; lastKnownFileType = sourcecode.c.h; path = LKUserModel.h; sourceTree = "<group>"; };
		0495F089257A216500BCD1E9 /* LKResponse.m */ = {isa = PBXFileReference; fileEncoding = 4; lastKnownFileType = sourcecode.c.objc; path = LKResponse.m; sourceTree = "<group>"; };
		0495F08A257A216500BCD1E9 /* LKUploadRequest.h */ = {isa = PBXFileReference; fileEncoding = 4; lastKnownFileType = sourcecode.c.h; path = LKUploadRequest.h; sourceTree = "<group>"; };
		0495F08B257A216500BCD1E9 /* LKRequest.m */ = {isa = PBXFileReference; fileEncoding = 4; lastKnownFileType = sourcecode.c.objc; path = LKRequest.m; sourceTree = "<group>"; };
		0495F08C257A216500BCD1E9 /* LKUserInfoManager.h */ = {isa = PBXFileReference; fileEncoding = 4; lastKnownFileType = sourcecode.c.h; path = LKUserInfoManager.h; sourceTree = "<group>"; };
		0495F08D257A216500BCD1E9 /* LKUserModel.m */ = {isa = PBXFileReference; fileEncoding = 4; lastKnownFileType = sourcecode.c.objc; path = LKUserModel.m; sourceTree = "<group>"; };
		0495F08E257A216500BCD1E9 /* LKRequest.h */ = {isa = PBXFileReference; fileEncoding = 4; lastKnownFileType = sourcecode.c.h; path = LKRequest.h; sourceTree = "<group>"; };
		0495F08F257A216500BCD1E9 /* LKUploadRequest.m */ = {isa = PBXFileReference; fileEncoding = 4; lastKnownFileType = sourcecode.c.objc; path = LKUploadRequest.m; sourceTree = "<group>"; };
		0495F090257A216500BCD1E9 /* LKResponse.h */ = {isa = PBXFileReference; fileEncoding = 4; lastKnownFileType = sourcecode.c.h; path = LKResponse.h; sourceTree = "<group>"; };
		0AB975E78A1EB9DCA31DE541 /* Pods-LKAppCore.debug.xcconfig */ = {isa = PBXFileReference; includeInIndex = 1; lastKnownFileType = text.xcconfig; name = "Pods-LKAppCore.debug.xcconfig"; path = "Target Support Files/Pods-LKAppCore/Pods-LKAppCore.debug.xcconfig"; sourceTree = "<group>"; };
		27B1BFA6400811DE32C229FA /* Pods_LKAppCore.framework */ = {isa = PBXFileReference; explicitFileType = wrapper.framework; includeInIndex = 0; path = Pods_LKAppCore.framework; sourceTree = BUILT_PRODUCTS_DIR; };
		2BED524C50D9B3DA3BC26F9A /* Pods_LKAppCoreTests.framework */ = {isa = PBXFileReference; explicitFileType = wrapper.framework; includeInIndex = 0; path = Pods_LKAppCoreTests.framework; sourceTree = BUILT_PRODUCTS_DIR; };
		64141392859CC9BCB5BD9E07 /* Pods-LKAppCore-LKAppCoreUITests.debug.xcconfig */ = {isa = PBXFileReference; includeInIndex = 1; lastKnownFileType = text.xcconfig; name = "Pods-LKAppCore-LKAppCoreUITests.debug.xcconfig"; path = "Target Support Files/Pods-LKAppCore-LKAppCoreUITests/Pods-LKAppCore-LKAppCoreUITests.debug.xcconfig"; sourceTree = "<group>"; };
		653D3CEF17D161220F140326 /* Pods_LKAppCore_LKAppCoreUITests.framework */ = {isa = PBXFileReference; explicitFileType = wrapper.framework; includeInIndex = 0; path = Pods_LKAppCore_LKAppCoreUITests.framework; sourceTree = BUILT_PRODUCTS_DIR; };
		6AB893212F3178893CD59034 /* Pods-LKAppCore.release.xcconfig */ = {isa = PBXFileReference; includeInIndex = 1; lastKnownFileType = text.xcconfig; name = "Pods-LKAppCore.release.xcconfig"; path = "Target Support Files/Pods-LKAppCore/Pods-LKAppCore.release.xcconfig"; sourceTree = "<group>"; };
		BD9962707F285F441D5115D7 /* Pods-LKAppCoreTests.debug.xcconfig */ = {isa = PBXFileReference; includeInIndex = 1; lastKnownFileType = text.xcconfig; name = "Pods-LKAppCoreTests.debug.xcconfig"; path = "Target Support Files/Pods-LKAppCoreTests/Pods-LKAppCoreTests.debug.xcconfig"; sourceTree = "<group>"; };
		F54A5909CDCEC5652B28346A /* Pods-LKAppCore-LKAppCoreUITests.release.xcconfig */ = {isa = PBXFileReference; includeInIndex = 1; lastKnownFileType = text.xcconfig; name = "Pods-LKAppCore-LKAppCoreUITests.release.xcconfig"; path = "Target Support Files/Pods-LKAppCore-LKAppCoreUITests/Pods-LKAppCore-LKAppCoreUITests.release.xcconfig"; sourceTree = "<group>"; };
		FD20C682DA533BEAB32D2312 /* Pods-LKAppCoreTests.release.xcconfig */ = {isa = PBXFileReference; includeInIndex = 1; lastKnownFileType = text.xcconfig; name = "Pods-LKAppCoreTests.release.xcconfig"; path = "Target Support Files/Pods-LKAppCoreTests/Pods-LKAppCoreTests.release.xcconfig"; sourceTree = "<group>"; };
/* End PBXFileReference section */

/* Begin PBXFrameworksBuildPhase section */
		0495EFA6257A06D800BCD1E9 /* Frameworks */ = {
			isa = PBXFrameworksBuildPhase;
			buildActionMask = 2147483647;
			files = (
				D5A2CF2D3D8F3D20202C3629 /* Pods_LKAppCore.framework in Frameworks */,
			);
			runOnlyForDeploymentPostprocessing = 0;
		};
		0495EFC1257A06DA00BCD1E9 /* Frameworks */ = {
			isa = PBXFrameworksBuildPhase;
			buildActionMask = 2147483647;
			files = (
				4B3BCED2778787F01D090937 /* Pods_LKAppCoreTests.framework in Frameworks */,
			);
			runOnlyForDeploymentPostprocessing = 0;
		};
		0495EFCC257A06DA00BCD1E9 /* Frameworks */ = {
			isa = PBXFrameworksBuildPhase;
			buildActionMask = 2147483647;
			files = (
				FA66BF3B4C488426CBBF4AD1 /* Pods_LKAppCore_LKAppCoreUITests.framework in Frameworks */,
			);
			runOnlyForDeploymentPostprocessing = 0;
		};
/* End PBXFrameworksBuildPhase section */

/* Begin PBXGroup section */
		0495EFA0257A06D800BCD1E9 = {
			isa = PBXGroup;
			children = (
				0495F086257A216500BCD1E9 /* LKNetwork */,
				0495EFAB257A06D800BCD1E9 /* LKAppCore */,
				0495EFC7257A06DA00BCD1E9 /* LKAppCoreTests */,
				0495EFD2257A06DA00BCD1E9 /* LKAppCoreUITests */,
				0495EFAA257A06D800BCD1E9 /* Products */,
				FAE6F1BEAA76FB693AAA19C0 /* Pods */,
				B2B806D048EC61CFDA17C437 /* Frameworks */,
			);
			sourceTree = "<group>";
		};
		0495EFAA257A06D800BCD1E9 /* Products */ = {
			isa = PBXGroup;
			children = (
				0495EFA9257A06D800BCD1E9 /* LKAppCore.app */,
				0495EFC4257A06DA00BCD1E9 /* LKAppCoreTests.xctest */,
				0495EFCF257A06DA00BCD1E9 /* LKAppCoreUITests.xctest */,
			);
			name = Products;
			sourceTree = "<group>";
		};
		0495EFAB257A06D800BCD1E9 /* LKAppCore */ = {
			isa = PBXGroup;
			children = (
				0495EFAC257A06D800BCD1E9 /* AppDelegate.h */,
				0495EFAD257A06D800BCD1E9 /* AppDelegate.m */,
				0495EFAF257A06D800BCD1E9 /* SceneDelegate.h */,
				0495EFB0257A06D800BCD1E9 /* SceneDelegate.m */,
				0495EFB2257A06D800BCD1E9 /* ViewController.h */,
				0495EFB3257A06D800BCD1E9 /* ViewController.m */,
				0495EFB5257A06D800BCD1E9 /* Main.storyboard */,
				0495EFB8257A06DA00BCD1E9 /* Assets.xcassets */,
				0495EFBA257A06DA00BCD1E9 /* LaunchScreen.storyboard */,
				0495EFBD257A06DA00BCD1E9 /* Info.plist */,
				0495EFBE257A06DA00BCD1E9 /* main.m */,
			);
			path = LKAppCore;
			sourceTree = "<group>";
		};
		0495EFC7257A06DA00BCD1E9 /* LKAppCoreTests */ = {
			isa = PBXGroup;
			children = (
				0495EFC8257A06DA00BCD1E9 /* LKAppCoreTests.m */,
				0495EFCA257A06DA00BCD1E9 /* Info.plist */,
			);
			path = LKAppCoreTests;
			sourceTree = "<group>";
		};
		0495EFD2257A06DA00BCD1E9 /* LKAppCoreUITests */ = {
			isa = PBXGroup;
			children = (
				0495EFD3257A06DA00BCD1E9 /* LKAppCoreUITests.m */,
				0495EFD5257A06DA00BCD1E9 /* Info.plist */,
			);
			path = LKAppCoreUITests;
			sourceTree = "<group>";
		};
		0495F086257A216500BCD1E9 /* LKNetwork */ = {
			isa = PBXGroup;
			children = (
				0495F087257A216500BCD1E9 /* LKUserInfoManager.m */,
				0495F088257A216500BCD1E9 /* LKUserModel.h */,
				0495F089257A216500BCD1E9 /* LKResponse.m */,
				0495F08A257A216500BCD1E9 /* LKUploadRequest.h */,
				0495F08B257A216500BCD1E9 /* LKRequest.m */,
				0495F08C257A216500BCD1E9 /* LKUserInfoManager.h */,
				0495F08D257A216500BCD1E9 /* LKUserModel.m */,
				0495F08E257A216500BCD1E9 /* LKRequest.h */,
				0495F08F257A216500BCD1E9 /* LKUploadRequest.m */,
				0495F090257A216500BCD1E9 /* LKResponse.h */,
			);
			path = LKNetwork;
			sourceTree = "<group>";
		};
		B2B806D048EC61CFDA17C437 /* Frameworks */ = {
			isa = PBXGroup;
			children = (
				27B1BFA6400811DE32C229FA /* Pods_LKAppCore.framework */,
				653D3CEF17D161220F140326 /* Pods_LKAppCore_LKAppCoreUITests.framework */,
				2BED524C50D9B3DA3BC26F9A /* Pods_LKAppCoreTests.framework */,
			);
			name = Frameworks;
			sourceTree = "<group>";
		};
		FAE6F1BEAA76FB693AAA19C0 /* Pods */ = {
			isa = PBXGroup;
			children = (
				0AB975E78A1EB9DCA31DE541 /* Pods-LKAppCore.debug.xcconfig */,
				6AB893212F3178893CD59034 /* Pods-LKAppCore.release.xcconfig */,
				64141392859CC9BCB5BD9E07 /* Pods-LKAppCore-LKAppCoreUITests.debug.xcconfig */,
				F54A5909CDCEC5652B28346A /* Pods-LKAppCore-LKAppCoreUITests.release.xcconfig */,
				BD9962707F285F441D5115D7 /* Pods-LKAppCoreTests.debug.xcconfig */,
				FD20C682DA533BEAB32D2312 /* Pods-LKAppCoreTests.release.xcconfig */,
			);
			path = Pods;
			sourceTree = "<group>";
		};
/* End PBXGroup section */

/* Begin PBXNativeTarget section */
		0495EFA8257A06D800BCD1E9 /* LKAppCore */ = {
			isa = PBXNativeTarget;
			buildConfigurationList = 0495EFD8257A06DA00BCD1E9 /* Build configuration list for PBXNativeTarget "LKAppCore" */;
			buildPhases = (
				B147F771ED216F2ED3C5AE79 /* [CP] Check Pods Manifest.lock */,
				0495EFA5257A06D800BCD1E9 /* Sources */,
				0495EFA6257A06D800BCD1E9 /* Frameworks */,
				0495EFA7257A06D800BCD1E9 /* Resources */,
				285734E20863045F4A536C50 /* [CP] Embed Pods Frameworks */,
			);
			buildRules = (
			);
			dependencies = (
			);
			name = LKAppCore;
			productName = LKAppCore;
			productReference = 0495EFA9257A06D800BCD1E9 /* LKAppCore.app */;
			productType = "com.apple.product-type.application";
		};
		0495EFC3257A06DA00BCD1E9 /* LKAppCoreTests */ = {
			isa = PBXNativeTarget;
			buildConfigurationList = 0495EFDB257A06DA00BCD1E9 /* Build configuration list for PBXNativeTarget "LKAppCoreTests" */;
			buildPhases = (
				61DD55905BC023EBAA7277BC /* [CP] Check Pods Manifest.lock */,
				0495EFC0257A06DA00BCD1E9 /* Sources */,
				0495EFC1257A06DA00BCD1E9 /* Frameworks */,
				0495EFC2257A06DA00BCD1E9 /* Resources */,
			);
			buildRules = (
			);
			dependencies = (
				0495EFC6257A06DA00BCD1E9 /* PBXTargetDependency */,
			);
			name = LKAppCoreTests;
			productName = LKAppCoreTests;
			productReference = 0495EFC4257A06DA00BCD1E9 /* LKAppCoreTests.xctest */;
			productType = "com.apple.product-type.bundle.unit-test";
		};
		0495EFCE257A06DA00BCD1E9 /* LKAppCoreUITests */ = {
			isa = PBXNativeTarget;
			buildConfigurationList = 0495EFDE257A06DA00BCD1E9 /* Build configuration list for PBXNativeTarget "LKAppCoreUITests" */;
			buildPhases = (
				CD46B5D7902C944C96F2DB7A /* [CP] Check Pods Manifest.lock */,
				0495EFCB257A06DA00BCD1E9 /* Sources */,
				0495EFCC257A06DA00BCD1E9 /* Frameworks */,
				0495EFCD257A06DA00BCD1E9 /* Resources */,
				167498849BB3B82E9AA9F7F6 /* [CP] Embed Pods Frameworks */,
			);
			buildRules = (
			);
			dependencies = (
				0495EFD1257A06DA00BCD1E9 /* PBXTargetDependency */,
			);
			name = LKAppCoreUITests;
			productName = LKAppCoreUITests;
			productReference = 0495EFCF257A06DA00BCD1E9 /* LKAppCoreUITests.xctest */;
			productType = "com.apple.product-type.bundle.ui-testing";
		};
/* End PBXNativeTarget section */

/* Begin PBXProject section */
		0495EFA1257A06D800BCD1E9 /* Project object */ = {
			isa = PBXProject;
			attributes = {
				LastUpgradeCheck = 1220;
				TargetAttributes = {
					0495EFA8257A06D800BCD1E9 = {
						CreatedOnToolsVersion = 12.2;
					};
					0495EFC3257A06DA00BCD1E9 = {
						CreatedOnToolsVersion = 12.2;
						TestTargetID = 0495EFA8257A06D800BCD1E9;
					};
					0495EFCE257A06DA00BCD1E9 = {
						CreatedOnToolsVersion = 12.2;
						TestTargetID = 0495EFA8257A06D800BCD1E9;
					};
				};
			};
			buildConfigurationList = 0495EFA4257A06D800BCD1E9 /* Build configuration list for PBXProject "LKAppCore" */;
			compatibilityVersion = "Xcode 9.3";
			developmentRegion = en;
			hasScannedForEncodings = 0;
			knownRegions = (
				en,
				Base,
			);
			mainGroup = 0495EFA0257A06D800BCD1E9;
			productRefGroup = 0495EFAA257A06D800BCD1E9 /* Products */;
			projectDirPath = "";
			projectRoot = "";
			targets = (
				0495EFA8257A06D800BCD1E9 /* LKAppCore */,
				0495EFC3257A06DA00BCD1E9 /* LKAppCoreTests */,
				0495EFCE257A06DA00BCD1E9 /* LKAppCoreUITests */,
			);
		};
/* End PBXProject section */

/* Begin PBXResourcesBuildPhase section */
		0495EFA7257A06D800BCD1E9 /* Resources */ = {
			isa = PBXResourcesBuildPhase;
			buildActionMask = 2147483647;
			files = (
				0495EFBC257A06DA00BCD1E9 /* LaunchScreen.storyboard in Resources */,
				0495EFB9257A06DA00BCD1E9 /* Assets.xcassets in Resources */,
				0495EFB7257A06D800BCD1E9 /* Main.storyboard in Resources */,
			);
			runOnlyForDeploymentPostprocessing = 0;
		};
		0495EFC2257A06DA00BCD1E9 /* Resources */ = {
			isa = PBXResourcesBuildPhase;
			buildActionMask = 2147483647;
			files = (
			);
			runOnlyForDeploymentPostprocessing = 0;
		};
		0495EFCD257A06DA00BCD1E9 /* Resources */ = {
			isa = PBXResourcesBuildPhase;
			buildActionMask = 2147483647;
			files = (
			);
			runOnlyForDeploymentPostprocessing = 0;
		};
/* End PBXResourcesBuildPhase section */

/* Begin PBXShellScriptBuildPhase section */
		167498849BB3B82E9AA9F7F6 /* [CP] Embed Pods Frameworks */ = {
			isa = PBXShellScriptBuildPhase;
			buildActionMask = 2147483647;
			files = (
			);
			inputFileListPaths = (
				"${PODS_ROOT}/Target Support Files/Pods-LKAppCore-LKAppCoreUITests/Pods-LKAppCore-LKAppCoreUITests-frameworks-${CONFIGURATION}-input-files.xcfilelist",
			);
			name = "[CP] Embed Pods Frameworks";
			outputFileListPaths = (
				"${PODS_ROOT}/Target Support Files/Pods-LKAppCore-LKAppCoreUITests/Pods-LKAppCore-LKAppCoreUITests-frameworks-${CONFIGURATION}-output-files.xcfilelist",
			);
			runOnlyForDeploymentPostprocessing = 0;
			shellPath = /bin/sh;
			shellScript = "\"${PODS_ROOT}/Target Support Files/Pods-LKAppCore-LKAppCoreUITests/Pods-LKAppCore-LKAppCoreUITests-frameworks.sh\"\n";
			showEnvVarsInLog = 0;
		};
		285734E20863045F4A536C50 /* [CP] Embed Pods Frameworks */ = {
			isa = PBXShellScriptBuildPhase;
			buildActionMask = 2147483647;
			files = (
			);
			inputFileListPaths = (
				"${PODS_ROOT}/Target Support Files/Pods-LKAppCore/Pods-LKAppCore-frameworks-${CONFIGURATION}-input-files.xcfilelist",
			);
			name = "[CP] Embed Pods Frameworks";
			outputFileListPaths = (
				"${PODS_ROOT}/Target Support Files/Pods-LKAppCore/Pods-LKAppCore-frameworks-${CONFIGURATION}-output-files.xcfilelist",
			);
			runOnlyForDeploymentPostprocessing = 0;
			shellPath = /bin/sh;
			shellScript = "\"${PODS_ROOT}/Target Support Files/Pods-LKAppCore/Pods-LKAppCore-frameworks.sh\"\n";
			showEnvVarsInLog = 0;
		};
		61DD55905BC023EBAA7277BC /* [CP] Check Pods Manifest.lock */ = {
			isa = PBXShellScriptBuildPhase;
			buildActionMask = 2147483647;
			files = (
			);
			inputFileListPaths = (
			);
			inputPaths = (
				"${PODS_PODFILE_DIR_PATH}/Podfile.lock",
				"${PODS_ROOT}/Manifest.lock",
			);
			name = "[CP] Check Pods Manifest.lock";
			outputFileListPaths = (
			);
			outputPaths = (
				"$(DERIVED_FILE_DIR)/Pods-LKAppCoreTests-checkManifestLockResult.txt",
			);
			runOnlyForDeploymentPostprocessing = 0;
			shellPath = /bin/sh;
			shellScript = "diff \"${PODS_PODFILE_DIR_PATH}/Podfile.lock\" \"${PODS_ROOT}/Manifest.lock\" > /dev/null\nif [ $? != 0 ] ; then\n    # print error to STDERR\n    echo \"error: The sandbox is not in sync with the Podfile.lock. Run 'pod install' or update your CocoaPods installation.\" >&2\n    exit 1\nfi\n# This output is used by Xcode 'outputs' to avoid re-running this script phase.\necho \"SUCCESS\" > \"${SCRIPT_OUTPUT_FILE_0}\"\n";
			showEnvVarsInLog = 0;
		};
		B147F771ED216F2ED3C5AE79 /* [CP] Check Pods Manifest.lock */ = {
			isa = PBXShellScriptBuildPhase;
			buildActionMask = 2147483647;
			files = (
			);
			inputFileListPaths = (
			);
			inputPaths = (
				"${PODS_PODFILE_DIR_PATH}/Podfile.lock",
				"${PODS_ROOT}/Manifest.lock",
			);
			name = "[CP] Check Pods Manifest.lock";
			outputFileListPaths = (
			);
			outputPaths = (
				"$(DERIVED_FILE_DIR)/Pods-LKAppCore-checkManifestLockResult.txt",
			);
			runOnlyForDeploymentPostprocessing = 0;
			shellPath = /bin/sh;
			shellScript = "diff \"${PODS_PODFILE_DIR_PATH}/Podfile.lock\" \"${PODS_ROOT}/Manifest.lock\" > /dev/null\nif [ $? != 0 ] ; then\n    # print error to STDERR\n    echo \"error: The sandbox is not in sync with the Podfile.lock. Run 'pod install' or update your CocoaPods installation.\" >&2\n    exit 1\nfi\n# This output is used by Xcode 'outputs' to avoid re-running this script phase.\necho \"SUCCESS\" > \"${SCRIPT_OUTPUT_FILE_0}\"\n";
			showEnvVarsInLog = 0;
		};
		CD46B5D7902C944C96F2DB7A /* [CP] Check Pods Manifest.lock */ = {
			isa = PBXShellScriptBuildPhase;
			buildActionMask = 2147483647;
			files = (
			);
			inputFileListPaths = (
			);
			inputPaths = (
				"${PODS_PODFILE_DIR_PATH}/Podfile.lock",
				"${PODS_ROOT}/Manifest.lock",
			);
			name = "[CP] Check Pods Manifest.lock";
			outputFileListPaths = (
			);
			outputPaths = (
				"$(DERIVED_FILE_DIR)/Pods-LKAppCore-LKAppCoreUITests-checkManifestLockResult.txt",
			);
			runOnlyForDeploymentPostprocessing = 0;
			shellPath = /bin/sh;
			shellScript = "diff \"${PODS_PODFILE_DIR_PATH}/Podfile.lock\" \"${PODS_ROOT}/Manifest.lock\" > /dev/null\nif [ $? != 0 ] ; then\n    # print error to STDERR\n    echo \"error: The sandbox is not in sync with the Podfile.lock. Run 'pod install' or update your CocoaPods installation.\" >&2\n    exit 1\nfi\n# This output is used by Xcode 'outputs' to avoid re-running this script phase.\necho \"SUCCESS\" > \"${SCRIPT_OUTPUT_FILE_0}\"\n";
			showEnvVarsInLog = 0;
		};
/* End PBXShellScriptBuildPhase section */

/* Begin PBXSourcesBuildPhase section */
		0495EFA5257A06D800BCD1E9 /* Sources */ = {
			isa = PBXSourcesBuildPhase;
			buildActionMask = 2147483647;
			files = (
				0495F095257A216500BCD1E9 /* LKUploadRequest.m in Sources */,
				0495EFB4257A06D800BCD1E9 /* ViewController.m in Sources */,
				0495EFAE257A06D800BCD1E9 /* AppDelegate.m in Sources */,
				0495F091257A216500BCD1E9 /* LKUserInfoManager.m in Sources */,
				0495EFBF257A06DA00BCD1E9 /* main.m in Sources */,
				0495EFB1257A06D800BCD1E9 /* SceneDelegate.m in Sources */,
				0495F093257A216500BCD1E9 /* LKRequest.m in Sources */,
				0495F092257A216500BCD1E9 /* LKResponse.m in Sources */,
				0495F094257A216500BCD1E9 /* LKUserModel.m in Sources */,
			);
			runOnlyForDeploymentPostprocessing = 0;
		};
		0495EFC0257A06DA00BCD1E9 /* Sources */ = {
			isa = PBXSourcesBuildPhase;
			buildActionMask = 2147483647;
			files = (
				0495EFC9257A06DA00BCD1E9 /* LKAppCoreTests.m in Sources */,
			);
			runOnlyForDeploymentPostprocessing = 0;
		};
		0495EFCB257A06DA00BCD1E9 /* Sources */ = {
			isa = PBXSourcesBuildPhase;
			buildActionMask = 2147483647;
			files = (
				0495EFD4257A06DA00BCD1E9 /* LKAppCoreUITests.m in Sources */,
			);
			runOnlyForDeploymentPostprocessing = 0;
		};
/* End PBXSourcesBuildPhase section */

/* Begin PBXTargetDependency section */
		0495EFC6257A06DA00BCD1E9 /* PBXTargetDependency */ = {
			isa = PBXTargetDependency;
			target = 0495EFA8257A06D800BCD1E9 /* LKAppCore */;
			targetProxy = 0495EFC5257A06DA00BCD1E9 /* PBXContainerItemProxy */;
		};
		0495EFD1257A06DA00BCD1E9 /* PBXTargetDependency */ = {
			isa = PBXTargetDependency;
			target = 0495EFA8257A06D800BCD1E9 /* LKAppCore */;
			targetProxy = 0495EFD0257A06DA00BCD1E9 /* PBXContainerItemProxy */;
		};
/* End PBXTargetDependency section */

/* Begin PBXVariantGroup section */
		0495EFB5257A06D800BCD1E9 /* Main.storyboard */ = {
			isa = PBXVariantGroup;
			children = (
				0495EFB6257A06D800BCD1E9 /* Base */,
			);
			name = Main.storyboard;
			sourceTree = "<group>";
		};
		0495EFBA257A06DA00BCD1E9 /* LaunchScreen.storyboard */ = {
			isa = PBXVariantGroup;
			children = (
				0495EFBB257A06DA00BCD1E9 /* Base */,
			);
			name = LaunchScreen.storyboard;
			sourceTree = "<group>";
		};
/* End PBXVariantGroup section */

/* Begin XCBuildConfiguration section */
		0495EFD6257A06DA00BCD1E9 /* Debug */ = {
			isa = XCBuildConfiguration;
			buildSettings = {
				ALWAYS_SEARCH_USER_PATHS = NO;
				CLANG_ANALYZER_NONNULL = YES;
				CLANG_ANALYZER_NUMBER_OBJECT_CONVERSION = YES_AGGRESSIVE;
				CLANG_CXX_LANGUAGE_STANDARD = "gnu++14";
				CLANG_CXX_LIBRARY = "libc++";
				CLANG_ENABLE_MODULES = YES;
				CLANG_ENABLE_OBJC_ARC = YES;
				CLANG_ENABLE_OBJC_WEAK = YES;
				CLANG_WARN_BLOCK_CAPTURE_AUTORELEASING = YES;
				CLANG_WARN_BOOL_CONVERSION = YES;
				CLANG_WARN_COMMA = YES;
				CLANG_WARN_CONSTANT_CONVERSION = YES;
				CLANG_WARN_DEPRECATED_OBJC_IMPLEMENTATIONS = YES;
				CLANG_WARN_DIRECT_OBJC_ISA_USAGE = YES_ERROR;
				CLANG_WARN_DOCUMENTATION_COMMENTS = YES;
				CLANG_WARN_EMPTY_BODY = YES;
				CLANG_WARN_ENUM_CONVERSION = YES;
				CLANG_WARN_INFINITE_RECURSION = YES;
				CLANG_WARN_INT_CONVERSION = YES;
				CLANG_WARN_NON_LITERAL_NULL_CONVERSION = YES;
				CLANG_WARN_OBJC_IMPLICIT_RETAIN_SELF = YES;
				CLANG_WARN_OBJC_LITERAL_CONVERSION = YES;
				CLANG_WARN_OBJC_ROOT_CLASS = YES_ERROR;
				CLANG_WARN_QUOTED_INCLUDE_IN_FRAMEWORK_HEADER = YES;
				CLANG_WARN_RANGE_LOOP_ANALYSIS = YES;
				CLANG_WARN_STRICT_PROTOTYPES = YES;
				CLANG_WARN_SUSPICIOUS_MOVE = YES;
				CLANG_WARN_UNGUARDED_AVAILABILITY = YES_AGGRESSIVE;
				CLANG_WARN_UNREACHABLE_CODE = YES;
				CLANG_WARN__DUPLICATE_METHOD_MATCH = YES;
				COPY_PHASE_STRIP = NO;
				DEBUG_INFORMATION_FORMAT = dwarf;
				ENABLE_STRICT_OBJC_MSGSEND = YES;
				ENABLE_TESTABILITY = YES;
				GCC_C_LANGUAGE_STANDARD = gnu11;
				GCC_DYNAMIC_NO_PIC = NO;
				GCC_NO_COMMON_BLOCKS = YES;
				GCC_OPTIMIZATION_LEVEL = 0;
				GCC_PREPROCESSOR_DEFINITIONS = (
					"DEBUG=1",
					"$(inherited)",
				);
				GCC_WARN_64_TO_32_BIT_CONVERSION = YES;
				GCC_WARN_ABOUT_RETURN_TYPE = YES_ERROR;
				GCC_WARN_UNDECLARED_SELECTOR = YES;
				GCC_WARN_UNINITIALIZED_AUTOS = YES_AGGRESSIVE;
				GCC_WARN_UNUSED_FUNCTION = YES;
				GCC_WARN_UNUSED_VARIABLE = YES;
				IPHONEOS_DEPLOYMENT_TARGET = 14.2;
				MTL_ENABLE_DEBUG_INFO = INCLUDE_SOURCE;
				MTL_FAST_MATH = YES;
				ONLY_ACTIVE_ARCH = YES;
				SDKROOT = iphoneos;
			};
			name = Debug;
		};
		0495EFD7257A06DA00BCD1E9 /* Release */ = {
			isa = XCBuildConfiguration;
			buildSettings = {
				ALWAYS_SEARCH_USER_PATHS = NO;
				CLANG_ANALYZER_NONNULL = YES;
				CLANG_ANALYZER_NUMBER_OBJECT_CONVERSION = YES_AGGRESSIVE;
				CLANG_CXX_LANGUAGE_STANDARD = "gnu++14";
				CLANG_CXX_LIBRARY = "libc++";
				CLANG_ENABLE_MODULES = YES;
				CLANG_ENABLE_OBJC_ARC = YES;
				CLANG_ENABLE_OBJC_WEAK = YES;
				CLANG_WARN_BLOCK_CAPTURE_AUTORELEASING = YES;
				CLANG_WARN_BOOL_CONVERSION = YES;
				CLANG_WARN_COMMA = YES;
				CLANG_WARN_CONSTANT_CONVERSION = YES;
				CLANG_WARN_DEPRECATED_OBJC_IMPLEMENTATIONS = YES;
				CLANG_WARN_DIRECT_OBJC_ISA_USAGE = YES_ERROR;
				CLANG_WARN_DOCUMENTATION_COMMENTS = YES;
				CLANG_WARN_EMPTY_BODY = YES;
				CLANG_WARN_ENUM_CONVERSION = YES;
				CLANG_WARN_INFINITE_RECURSION = YES;
				CLANG_WARN_INT_CONVERSION = YES;
				CLANG_WARN_NON_LITERAL_NULL_CONVERSION = YES;
				CLANG_WARN_OBJC_IMPLICIT_RETAIN_SELF = YES;
				CLANG_WARN_OBJC_LITERAL_CONVERSION = YES;
				CLANG_WARN_OBJC_ROOT_CLASS = YES_ERROR;
				CLANG_WARN_QUOTED_INCLUDE_IN_FRAMEWORK_HEADER = YES;
				CLANG_WARN_RANGE_LOOP_ANALYSIS = YES;
				CLANG_WARN_STRICT_PROTOTYPES = YES;
				CLANG_WARN_SUSPICIOUS_MOVE = YES;
				CLANG_WARN_UNGUARDED_AVAILABILITY = YES_AGGRESSIVE;
				CLANG_WARN_UNREACHABLE_CODE = YES;
				CLANG_WARN__DUPLICATE_METHOD_MATCH = YES;
				COPY_PHASE_STRIP = NO;
				DEBUG_INFORMATION_FORMAT = "dwarf-with-dsym";
				ENABLE_NS_ASSERTIONS = NO;
				ENABLE_STRICT_OBJC_MSGSEND = YES;
				GCC_C_LANGUAGE_STANDARD = gnu11;
				GCC_NO_COMMON_BLOCKS = YES;
				GCC_WARN_64_TO_32_BIT_CONVERSION = YES;
				GCC_WARN_ABOUT_RETURN_TYPE = YES_ERROR;
				GCC_WARN_UNDECLARED_SELECTOR = YES;
				GCC_WARN_UNINITIALIZED_AUTOS = YES_AGGRESSIVE;
				GCC_WARN_UNUSED_FUNCTION = YES;
				GCC_WARN_UNUSED_VARIABLE = YES;
				IPHONEOS_DEPLOYMENT_TARGET = 14.2;
				MTL_ENABLE_DEBUG_INFO = NO;
				MTL_FAST_MATH = YES;
				SDKROOT = iphoneos;
				VALIDATE_PRODUCT = YES;
			};
			name = Release;
		};
		0495EFD9257A06DA00BCD1E9 /* Debug */ = {
			isa = XCBuildConfiguration;
			baseConfigurationReference = 0AB975E78A1EB9DCA31DE541 /* Pods-LKAppCore.debug.xcconfig */;
			buildSettings = {
				ASSETCATALOG_COMPILER_APPICON_NAME = AppIcon;
				ASSETCATALOG_COMPILER_GLOBAL_ACCENT_COLOR_NAME = AccentColor;
				CODE_SIGN_STYLE = Automatic;
				INFOPLIST_FILE = LKAppCore/Info.plist;
				IPHONEOS_DEPLOYMENT_TARGET = 9.0;
				LD_RUNPATH_SEARCH_PATHS = (
					"$(inherited)",
					"@executable_path/Frameworks",
				);
				PRODUCT_BUNDLE_IDENTIFIER = net.luculent.nmg.ybsdzt.LKAppCore;
				PRODUCT_NAME = "$(TARGET_NAME)";
				TARGETED_DEVICE_FAMILY = "1,2";
			};
			name = Debug;
		};
		0495EFDA257A06DA00BCD1E9 /* Release */ = {
			isa = XCBuildConfiguration;
			baseConfigurationReference = 6AB893212F3178893CD59034 /* Pods-LKAppCore.release.xcconfig */;
			buildSettings = {
				ASSETCATALOG_COMPILER_APPICON_NAME = AppIcon;
				ASSETCATALOG_COMPILER_GLOBAL_ACCENT_COLOR_NAME = AccentColor;
				CODE_SIGN_STYLE = Automatic;
				INFOPLIST_FILE = LKAppCore/Info.plist;
				IPHONEOS_DEPLOYMENT_TARGET = 9.0;
				LD_RUNPATH_SEARCH_PATHS = (
					"$(inherited)",
					"@executable_path/Frameworks",
				);
				PRODUCT_BUNDLE_IDENTIFIER = net.luculent.nmg.ybsdzt.LKAppCore;
				PRODUCT_NAME = "$(TARGET_NAME)";
				TARGETED_DEVICE_FAMILY = "1,2";
			};
			name = Release;
		};
		0495EFDC257A06DA00BCD1E9 /* Debug */ = {
			isa = XCBuildConfiguration;
			baseConfigurationReference = BD9962707F285F441D5115D7 /* Pods-LKAppCoreTests.debug.xcconfig */;
			buildSettings = {
				BUNDLE_LOADER = "$(TEST_HOST)";
				CODE_SIGN_STYLE = Automatic;
				INFOPLIST_FILE = LKAppCoreTests/Info.plist;
				IPHONEOS_DEPLOYMENT_TARGET = 14.2;
				LD_RUNPATH_SEARCH_PATHS = (
					"$(inherited)",
					"@executable_path/Frameworks",
					"@loader_path/Frameworks",
				);
				PRODUCT_BUNDLE_IDENTIFIER = net.luculent.nmg.ybsdzt.LKAppCoreTests;
				PRODUCT_NAME = "$(TARGET_NAME)";
				TARGETED_DEVICE_FAMILY = "1,2";
				TEST_HOST = "$(BUILT_PRODUCTS_DIR)/LKAppCore.app/LKAppCore";
			};
			name = Debug;
		};
		0495EFDD257A06DA00BCD1E9 /* Release */ = {
			isa = XCBuildConfiguration;
			baseConfigurationReference = FD20C682DA533BEAB32D2312 /* Pods-LKAppCoreTests.release.xcconfig */;
			buildSettings = {
				BUNDLE_LOADER = "$(TEST_HOST)";
				CODE_SIGN_STYLE = Automatic;
				INFOPLIST_FILE = LKAppCoreTests/Info.plist;
				IPHONEOS_DEPLOYMENT_TARGET = 14.2;
				LD_RUNPATH_SEARCH_PATHS = (
					"$(inherited)",
					"@executable_path/Frameworks",
					"@loader_path/Frameworks",
				);
				PRODUCT_BUNDLE_IDENTIFIER = net.luculent.nmg.ybsdzt.LKAppCoreTests;
				PRODUCT_NAME = "$(TARGET_NAME)";
				TARGETED_DEVICE_FAMILY = "1,2";
				TEST_HOST = "$(BUILT_PRODUCTS_DIR)/LKAppCore.app/LKAppCore";
			};
			name = Release;
		};
		0495EFDF257A06DA00BCD1E9 /* Debug */ = {
			isa = XCBuildConfiguration;
			baseConfigurationReference = 64141392859CC9BCB5BD9E07 /* Pods-LKAppCore-LKAppCoreUITests.debug.xcconfig */;
			buildSettings = {
				CODE_SIGN_STYLE = Automatic;
				INFOPLIST_FILE = LKAppCoreUITests/Info.plist;
				LD_RUNPATH_SEARCH_PATHS = (
					"$(inherited)",
					"@executable_path/Frameworks",
					"@loader_path/Frameworks",
				);
				PRODUCT_BUNDLE_IDENTIFIER = net.luculent.nmg.ybsdzt.LKAppCoreUITests;
				PRODUCT_NAME = "$(TARGET_NAME)";
				TARGETED_DEVICE_FAMILY = "1,2";
				TEST_TARGET_NAME = LKAppCore;
			};
			name = Debug;
		};
		0495EFE0257A06DA00BCD1E9 /* Release */ = {
			isa = XCBuildConfiguration;
			baseConfigurationReference = F54A5909CDCEC5652B28346A /* Pods-LKAppCore-LKAppCoreUITests.release.xcconfig */;
			buildSettings = {
				CODE_SIGN_STYLE = Automatic;
				INFOPLIST_FILE = LKAppCoreUITests/Info.plist;
				LD_RUNPATH_SEARCH_PATHS = (
					"$(inherited)",
					"@executable_path/Frameworks",
					"@loader_path/Frameworks",
				);
				PRODUCT_BUNDLE_IDENTIFIER = net.luculent.nmg.ybsdzt.LKAppCoreUITests;
				PRODUCT_NAME = "$(TARGET_NAME)";
				TARGETED_DEVICE_FAMILY = "1,2";
				TEST_TARGET_NAME = LKAppCore;
			};
			name = Release;
		};
/* End XCBuildConfiguration section */

/* Begin XCConfigurationList section */
		0495EFA4257A06D800BCD1E9 /* Build configuration list for PBXProject "LKAppCore" */ = {
			isa = XCConfigurationList;
			buildConfigurations = (
				0495EFD6257A06DA00BCD1E9 /* Debug */,
				0495EFD7257A06DA00BCD1E9 /* Release */,
			);
			defaultConfigurationIsVisible = 0;
			defaultConfigurationName = Release;
		};
		0495EFD8257A06DA00BCD1E9 /* Build configuration list for PBXNativeTarget "LKAppCore" */ = {
			isa = XCConfigurationList;
			buildConfigurations = (
				0495EFD9257A06DA00BCD1E9 /* Debug */,
				0495EFDA257A06DA00BCD1E9 /* Release */,
			);
			defaultConfigurationIsVisible = 0;
			defaultConfigurationName = Release;
		};
		0495EFDB257A06DA00BCD1E9 /* Build configuration list for PBXNativeTarget "LKAppCoreTests" */ = {
			isa = XCConfigurationList;
			buildConfigurations = (
				0495EFDC257A06DA00BCD1E9 /* Debug */,
				0495EFDD257A06DA00BCD1E9 /* Release */,
			);
			defaultConfigurationIsVisible = 0;
			defaultConfigurationName = Release;
		};
		0495EFDE257A06DA00BCD1E9 /* Build configuration list for PBXNativeTarget "LKAppCoreUITests" */ = {
			isa = XCConfigurationList;
			buildConfigurations = (
				0495EFDF257A06DA00BCD1E9 /* Debug */,
				0495EFE0257A06DA00BCD1E9 /* Release */,
			);
			defaultConfigurationIsVisible = 0;
			defaultConfigurationName = Release;
		};
/* End XCConfigurationList section */
	};
	rootObject = 0495EFA1257A06D800BCD1E9 /* Project object */;
}
