// !$*UTF8*$!
{
	archiveVersion = 1;
	classes = {
	};
	objectVersion = 50;
	objects = {

/* Begin PBXBuildFile section */
		0495F0B4257A2C2A00BCD1E9 /* AppDelegate.m in Sources */ = {isa = PBXBuildFile; fileRef = 0495F0B3257A2C2A00BCD1E9 /* AppDelegate.m */; };
		0495F0B7257A2C2A00BCD1E9 /* SceneDelegate.m in Sources */ = {isa = PBXBuildFile; fileRef = 0495F0B6257A2C2A00BCD1E9 /* SceneDelegate.m */; };
		0495F0BA257A2C2A00BCD1E9 /* ViewController.m in Sources */ = {isa = PBXBuildFile; fileRef = 0495F0B9257A2C2A00BCD1E9 /* ViewController.m */; };
		0495F0BD257A2C2A00BCD1E9 /* Main.storyboard in Resources */ = {isa = PBXBuildFile; fileRef = 0495F0BB257A2C2A00BCD1E9 /* Main.storyboard */; };
		0495F0BF257A2C2D00BCD1E9 /* Assets.xcassets in Resources */ = {isa = PBXBuildFile; fileRef = 0495F0BE257A2C2D00BCD1E9 /* Assets.xcassets */; };
		0495F0C2257A2C2D00BCD1E9 /* LaunchScreen.storyboard in Resources */ = {isa = PBXBuildFile; fileRef = 0495F0C0257A2C2D00BCD1E9 /* LaunchScreen.storyboard */; };
		0495F0C5257A2C2D00BCD1E9 /* main.m in Sources */ = {isa = PBXBuildFile; fileRef = 0495F0C4257A2C2D00BCD1E9 /* main.m */; };
		0495F0CF257A2C2E00BCD1E9 /* LKAppCoreTests.m in Sources */ = {isa = PBXBuildFile; fileRef = 0495F0CE257A2C2E00BCD1E9 /* LKAppCoreTests.m */; };
		0495F0DA257A2C2E00BCD1E9 /* LKAppCoreUITests.m in Sources */ = {isa = PBXBuildFile; fileRef = 0495F0D9257A2C2E00BCD1E9 /* LKAppCoreUITests.m */; };
		0495F0EF257A2C8600BCD1E9 /* MJExtension.framework in Frameworks */ = {isa = PBXBuildFile; fileRef = 0495F0EB257A2C8600BCD1E9 /* MJExtension.framework */; };
		0495F0F0257A2C8600BCD1E9 /* YTKNetwork.framework in Frameworks */ = {isa = PBXBuildFile; fileRef = 0495F0EC257A2C8600BCD1E9 /* YTKNetwork.framework */; };
		0495F0F1257A2C8700BCD1E9 /* SVProgressHUD.framework in Frameworks */ = {isa = PBXBuildFile; fileRef = 0495F0ED257A2C8600BCD1E9 /* SVProgressHUD.framework */; };
		0495F0F2257A2C8700BCD1E9 /* AFNetworking.framework in Frameworks */ = {isa = PBXBuildFile; fileRef = 0495F0EE257A2C8600BCD1E9 /* AFNetworking.framework */; };
		0495F0FE257A2CD700BCD1E9 /* LKUserInfoManager.m in Sources */ = {isa = PBXBuildFile; fileRef = 0495F0F4257A2CD700BCD1E9 /* LKUserInfoManager.m */; };
		0495F0FF257A2CD700BCD1E9 /* LKResponse.m in Sources */ = {isa = PBXBuildFile; fileRef = 0495F0F6257A2CD700BCD1E9 /* LKResponse.m */; };
		0495F100257A2CD700BCD1E9 /* LKRequest.m in Sources */ = {isa = PBXBuildFile; fileRef = 0495F0F8257A2CD700BCD1E9 /* LKRequest.m */; };
		0495F101257A2CD700BCD1E9 /* LKUserModel.m in Sources */ = {isa = PBXBuildFile; fileRef = 0495F0FA257A2CD700BCD1E9 /* LKUserModel.m */; };
		0495F102257A2CD700BCD1E9 /* LKUploadRequest.m in Sources */ = {isa = PBXBuildFile; fileRef = 0495F0FC257A2CD700BCD1E9 /* LKUploadRequest.m */; };
/* End PBXBuildFile section */

/* Begin PBXContainerItemProxy section */
		0495F0CB257A2C2E00BCD1E9 /* PBXContainerItemProxy */ = {
			isa = PBXContainerItemProxy;
			containerPortal = 0495F0A7257A2C2A00BCD1E9 /* Project object */;
			proxyType = 1;
			remoteGlobalIDString = 0495F0AE257A2C2A00BCD1E9;
			remoteInfo = LKAppCore;
		};
		0495F0D6257A2C2E00BCD1E9 /* PBXContainerItemProxy */ = {
			isa = PBXContainerItemProxy;
			containerPortal = 0495F0A7257A2C2A00BCD1E9 /* Project object */;
			proxyType = 1;
			remoteGlobalIDString = 0495F0AE257A2C2A00BCD1E9;
			remoteInfo = LKAppCore;
		};
/* End PBXContainerItemProxy section */

/* Begin PBXFileReference section */
		0495F0AF257A2C2A00BCD1E9 /* LKAppCore.app */ = {isa = PBXFileReference; explicitFileType = wrapper.application; includeInIndex = 0; path = LKAppCore.app; sourceTree = BUILT_PRODUCTS_DIR; };
		0495F0B2257A2C2A00BCD1E9 /* AppDelegate.h */ = {isa = PBXFileReference; lastKnownFileType = sourcecode.c.h; path = AppDelegate.h; sourceTree = "<group>"; };
		0495F0B3257A2C2A00BCD1E9 /* AppDelegate.m */ = {isa = PBXFileReference; lastKnownFileType = sourcecode.c.objc; path = AppDelegate.m; sourceTree = "<group>"; };
		0495F0B5257A2C2A00BCD1E9 /* SceneDelegate.h */ = {isa = PBXFileReference; lastKnownFileType = sourcecode.c.h; path = SceneDelegate.h; sourceTree = "<group>"; };
		0495F0B6257A2C2A00BCD1E9 /* SceneDelegate.m */ = {isa = PBXFileReference; lastKnownFileType = sourcecode.c.objc; path = SceneDelegate.m; sourceTree = "<group>"; };
		0495F0B8257A2C2A00BCD1E9 /* ViewController.h */ = {isa = PBXFileReference; lastKnownFileType = sourcecode.c.h; path = ViewController.h; sourceTree = "<group>"; };
		0495F0B9257A2C2A00BCD1E9 /* ViewController.m */ = {isa = PBXFileReference; lastKnownFileType = sourcecode.c.objc; path = ViewController.m; sourceTree = "<group>"; };
		0495F0BC257A2C2A00BCD1E9 /* Base */ = {isa = PBXFileReference; lastKnownFileType = file.storyboard; name = Base; path = Base.lproj/Main.storyboard; sourceTree = "<group>"; };
		0495F0BE257A2C2D00BCD1E9 /* Assets.xcassets */ = {isa = PBXFileReference; lastKnownFileType = folder.assetcatalog; path = Assets.xcassets; sourceTree = "<group>"; };
		0495F0C1257A2C2D00BCD1E9 /* Base */ = {isa = PBXFileReference; lastKnownFileType = file.storyboard; name = Base; path = Base.lproj/LaunchScreen.storyboard; sourceTree = "<group>"; };
		0495F0C3257A2C2D00BCD1E9 /* Info.plist */ = {isa = PBXFileReference; lastKnownFileType = text.plist.xml; path = Info.plist; sourceTree = "<group>"; };
		0495F0C4257A2C2D00BCD1E9 /* main.m */ = {isa = PBXFileReference; lastKnownFileType = sourcecode.c.objc; path = main.m; sourceTree = "<group>"; };
		0495F0CA257A2C2E00BCD1E9 /* LKAppCoreTests.xctest */ = {isa = PBXFileReference; explicitFileType = wrapper.cfbundle; includeInIndex = 0; path = LKAppCoreTests.xctest; sourceTree = BUILT_PRODUCTS_DIR; };
		0495F0CE257A2C2E00BCD1E9 /* LKAppCoreTests.m */ = {isa = PBXFileReference; lastKnownFileType = sourcecode.c.objc; path = LKAppCoreTests.m; sourceTree = "<group>"; };
		0495F0D0257A2C2E00BCD1E9 /* Info.plist */ = {isa = PBXFileReference; lastKnownFileType = text.plist.xml; path = Info.plist; sourceTree = "<group>"; };
		0495F0D5257A2C2E00BCD1E9 /* LKAppCoreUITests.xctest */ = {isa = PBXFileReference; explicitFileType = wrapper.cfbundle; includeInIndex = 0; path = LKAppCoreUITests.xctest; sourceTree = BUILT_PRODUCTS_DIR; };
		0495F0D9257A2C2E00BCD1E9 /* LKAppCoreUITests.m */ = {isa = PBXFileReference; lastKnownFileType = sourcecode.c.objc; path = LKAppCoreUITests.m; sourceTree = "<group>"; };
		0495F0DB257A2C2E00BCD1E9 /* Info.plist */ = {isa = PBXFileReference; lastKnownFileType = text.plist.xml; path = Info.plist; sourceTree = "<group>"; };
		0495F0EB257A2C8600BCD1E9 /* MJExtension.framework */ = {isa = PBXFileReference; lastKnownFileType = wrapper.framework; path = MJExtension.framework; sourceTree = "<group>"; };
		0495F0EC257A2C8600BCD1E9 /* YTKNetwork.framework */ = {isa = PBXFileReference; lastKnownFileType = wrapper.framework; path = YTKNetwork.framework; sourceTree = "<group>"; };
		0495F0ED257A2C8600BCD1E9 /* SVProgressHUD.framework */ = {isa = PBXFileReference; lastKnownFileType = wrapper.framework; path = SVProgressHUD.framework; sourceTree = "<group>"; };
		0495F0EE257A2C8600BCD1E9 /* AFNetworking.framework */ = {isa = PBXFileReference; lastKnownFileType = wrapper.framework; path = AFNetworking.framework; sourceTree = "<group>"; };
		0495F0F4257A2CD700BCD1E9 /* LKUserInfoManager.m */ = {isa = PBXFileReference; fileEncoding = 4; lastKnownFileType = sourcecode.c.objc; path = LKUserInfoManager.m; sourceTree = "<group>"; };
		0495F0F5257A2CD700BCD1E9 /* LKUserModel.h */ = {isa = PBXFileReference; fileEncoding = 4; lastKnownFileType = sourcecode.c.h; path = LKUserModel.h; sourceTree = "<group>"; };
		0495F0F6257A2CD700BCD1E9 /* LKResponse.m */ = {isa = PBXFileReference; fileEncoding = 4; lastKnownFileType = sourcecode.c.objc; path = LKResponse.m; sourceTree = "<group>"; };
		0495F0F7257A2CD700BCD1E9 /* LKUploadRequest.h */ = {isa = PBXFileReference; fileEncoding = 4; lastKnownFileType = sourcecode.c.h; path = LKUploadRequest.h; sourceTree = "<group>"; };
		0495F0F8257A2CD700BCD1E9 /* LKRequest.m */ = {isa = PBXFileReference; fileEncoding = 4; lastKnownFileType = sourcecode.c.objc; path = LKRequest.m; sourceTree = "<group>"; };
		0495F0F9257A2CD700BCD1E9 /* LKUserInfoManager.h */ = {isa = PBXFileReference; fileEncoding = 4; lastKnownFileType = sourcecode.c.h; path = LKUserInfoManager.h; sourceTree = "<group>"; };
		0495F0FA257A2CD700BCD1E9 /* LKUserModel.m */ = {isa = PBXFileReference; fileEncoding = 4; lastKnownFileType = sourcecode.c.objc; path = LKUserModel.m; sourceTree = "<group>"; };
		0495F0FB257A2CD700BCD1E9 /* LKRequest.h */ = {isa = PBXFileReference; fileEncoding = 4; lastKnownFileType = sourcecode.c.h; path = LKRequest.h; sourceTree = "<group>"; };
		0495F0FC257A2CD700BCD1E9 /* LKUploadRequest.m */ = {isa = PBXFileReference; fileEncoding = 4; lastKnownFileType = sourcecode.c.objc; path = LKUploadRequest.m; sourceTree = "<group>"; };
		0495F0FD257A2CD700BCD1E9 /* LKResponse.h */ = {isa = PBXFileReference; fileEncoding = 4; lastKnownFileType = sourcecode.c.h; path = LKResponse.h; sourceTree = "<group>"; };
/* End PBXFileReference section */

/* Begin PBXFrameworksBuildPhase section */
		0495F0AC257A2C2A00BCD1E9 /* Frameworks */ = {
			isa = PBXFrameworksBuildPhase;
			buildActionMask = 2147483647;
			files = (
				0495F0F1257A2C8700BCD1E9 /* SVProgressHUD.framework in Frameworks */,
				0495F0F2257A2C8700BCD1E9 /* AFNetworking.framework in Frameworks */,
				0495F0F0257A2C8600BCD1E9 /* YTKNetwork.framework in Frameworks */,
				0495F0EF257A2C8600BCD1E9 /* MJExtension.framework in Frameworks */,
			);
			runOnlyForDeploymentPostprocessing = 0;
		};
		0495F0C7257A2C2E00BCD1E9 /* Frameworks */ = {
			isa = PBXFrameworksBuildPhase;
			buildActionMask = 2147483647;
			files = (
			);
			runOnlyForDeploymentPostprocessing = 0;
		};
		0495F0D2257A2C2E00BCD1E9 /* Frameworks */ = {
			isa = PBXFrameworksBuildPhase;
			buildActionMask = 2147483647;
			files = (
			);
			runOnlyForDeploymentPostprocessing = 0;
		};
/* End PBXFrameworksBuildPhase section */

/* Begin PBXGroup section */
		0495F0A6257A2C2A00BCD1E9 = {
			isa = PBXGroup;
			children = (
				0495F0F3257A2CD700BCD1E9 /* LKNetwork */,
				0495F0EA257A2C4B00BCD1E9 /* Framework */,
				0495F0B1257A2C2A00BCD1E9 /* LKAppCore */,
				0495F0CD257A2C2E00BCD1E9 /* LKAppCoreTests */,
				0495F0D8257A2C2E00BCD1E9 /* LKAppCoreUITests */,
				0495F0B0257A2C2A00BCD1E9 /* Products */,
			);
			sourceTree = "<group>";
		};
		0495F0B0257A2C2A00BCD1E9 /* Products */ = {
			isa = PBXGroup;
			children = (
				0495F0AF257A2C2A00BCD1E9 /* LKAppCore.app */,
				0495F0CA257A2C2E00BCD1E9 /* LKAppCoreTests.xctest */,
				0495F0D5257A2C2E00BCD1E9 /* LKAppCoreUITests.xctest */,
			);
			name = Products;
			sourceTree = "<group>";
		};
		0495F0B1257A2C2A00BCD1E9 /* LKAppCore */ = {
			isa = PBXGroup;
			children = (
				0495F0B2257A2C2A00BCD1E9 /* AppDelegate.h */,
				0495F0B3257A2C2A00BCD1E9 /* AppDelegate.m */,
				0495F0B5257A2C2A00BCD1E9 /* SceneDelegate.h */,
				0495F0B6257A2C2A00BCD1E9 /* SceneDelegate.m */,
				0495F0B8257A2C2A00BCD1E9 /* ViewController.h */,
				0495F0B9257A2C2A00BCD1E9 /* ViewController.m */,
				0495F0BB257A2C2A00BCD1E9 /* Main.storyboard */,
				0495F0BE257A2C2D00BCD1E9 /* Assets.xcassets */,
				0495F0C0257A2C2D00BCD1E9 /* LaunchScreen.storyboard */,
				0495F0C3257A2C2D00BCD1E9 /* Info.plist */,
				0495F0C4257A2C2D00BCD1E9 /* main.m */,
			);
			path = LKAppCore;
			sourceTree = "<group>";
		};
		0495F0CD257A2C2E00BCD1E9 /* LKAppCoreTests */ = {
			isa = PBXGroup;
			children = (
				0495F0CE257A2C2E00BCD1E9 /* LKAppCoreTests.m */,
				0495F0D0257A2C2E00BCD1E9 /* Info.plist */,
			);
			path = LKAppCoreTests;
			sourceTree = "<group>";
		};
		0495F0D8257A2C2E00BCD1E9 /* LKAppCoreUITests */ = {
			isa = PBXGroup;
			children = (
				0495F0D9257A2C2E00BCD1E9 /* LKAppCoreUITests.m */,
				0495F0DB257A2C2E00BCD1E9 /* Info.plist */,
			);
			path = LKAppCoreUITests;
			sourceTree = "<group>";
		};
		0495F0EA257A2C4B00BCD1E9 /* Framework */ = {
			isa = PBXGroup;
			children = (
				0495F0EE257A2C8600BCD1E9 /* AFNetworking.framework */,
				0495F0EB257A2C8600BCD1E9 /* MJExtension.framework */,
				0495F0ED257A2C8600BCD1E9 /* SVProgressHUD.framework */,
				0495F0EC257A2C8600BCD1E9 /* YTKNetwork.framework */,
			);
			path = Framework;
			sourceTree = "<group>";
		};
		0495F0F3257A2CD700BCD1E9 /* LKNetwork */ = {
			isa = PBXGroup;
			children = (
				0495F0F4257A2CD700BCD1E9 /* LKUserInfoManager.m */,
				0495F0F5257A2CD700BCD1E9 /* LKUserModel.h */,
				0495F0F6257A2CD700BCD1E9 /* LKResponse.m */,
				0495F0F7257A2CD700BCD1E9 /* LKUploadRequest.h */,
				0495F0F8257A2CD700BCD1E9 /* LKRequest.m */,
				0495F0F9257A2CD700BCD1E9 /* LKUserInfoManager.h */,
				0495F0FA257A2CD700BCD1E9 /* LKUserModel.m */,
				0495F0FB257A2CD700BCD1E9 /* LKRequest.h */,
				0495F0FC257A2CD700BCD1E9 /* LKUploadRequest.m */,
				0495F0FD257A2CD700BCD1E9 /* LKResponse.h */,
			);
			path = LKNetwork;
			sourceTree = "<group>";
		};
/* End PBXGroup section */

/* Begin PBXNativeTarget section */
		0495F0AE257A2C2A00BCD1E9 /* LKAppCore */ = {
			isa = PBXNativeTarget;
			buildConfigurationList = 0495F0DE257A2C2E00BCD1E9 /* Build configuration list for PBXNativeTarget "LKAppCore" */;
			buildPhases = (
				0495F0AB257A2C2A00BCD1E9 /* Sources */,
				0495F0AC257A2C2A00BCD1E9 /* Frameworks */,
				0495F0AD257A2C2A00BCD1E9 /* Resources */,
			);
			buildRules = (
			);
			dependencies = (
			);
			name = LKAppCore;
			productName = LKAppCore;
			productReference = 0495F0AF257A2C2A00BCD1E9 /* LKAppCore.app */;
			productType = "com.apple.product-type.application";
		};
		0495F0C9257A2C2E00BCD1E9 /* LKAppCoreTests */ = {
			isa = PBXNativeTarget;
			buildConfigurationList = 0495F0E1257A2C2E00BCD1E9 /* Build configuration list for PBXNativeTarget "LKAppCoreTests" */;
			buildPhases = (
				0495F0C6257A2C2E00BCD1E9 /* Sources */,
				0495F0C7257A2C2E00BCD1E9 /* Frameworks */,
				0495F0C8257A2C2E00BCD1E9 /* Resources */,
			);
			buildRules = (
			);
			dependencies = (
				0495F0CC257A2C2E00BCD1E9 /* PBXTargetDependency */,
			);
			name = LKAppCoreTests;
			productName = LKAppCoreTests;
			productReference = 0495F0CA257A2C2E00BCD1E9 /* LKAppCoreTests.xctest */;
			productType = "com.apple.product-type.bundle.unit-test";
		};
		0495F0D4257A2C2E00BCD1E9 /* LKAppCoreUITests */ = {
			isa = PBXNativeTarget;
			buildConfigurationList = 0495F0E4257A2C2E00BCD1E9 /* Build configuration list for PBXNativeTarget "LKAppCoreUITests" */;
			buildPhases = (
				0495F0D1257A2C2E00BCD1E9 /* Sources */,
				0495F0D2257A2C2E00BCD1E9 /* Frameworks */,
				0495F0D3257A2C2E00BCD1E9 /* Resources */,
			);
			buildRules = (
			);
			dependencies = (
				0495F0D7257A2C2E00BCD1E9 /* PBXTargetDependency */,
			);
			name = LKAppCoreUITests;
			productName = LKAppCoreUITests;
			productReference = 0495F0D5257A2C2E00BCD1E9 /* LKAppCoreUITests.xctest */;
			productType = "com.apple.product-type.bundle.ui-testing";
		};
/* End PBXNativeTarget section */

/* Begin PBXProject section */
		0495F0A7257A2C2A00BCD1E9 /* Project object */ = {
			isa = PBXProject;
			attributes = {
				LastUpgradeCheck = 1220;
				TargetAttributes = {
					0495F0AE257A2C2A00BCD1E9 = {
						CreatedOnToolsVersion = 12.2;
					};
					0495F0C9257A2C2E00BCD1E9 = {
						CreatedOnToolsVersion = 12.2;
						TestTargetID = 0495F0AE257A2C2A00BCD1E9;
					};
					0495F0D4257A2C2E00BCD1E9 = {
						CreatedOnToolsVersion = 12.2;
						TestTargetID = 0495F0AE257A2C2A00BCD1E9;
					};
				};
			};
			buildConfigurationList = 0495F0AA257A2C2A00BCD1E9 /* Build configuration list for PBXProject "LKAppCore" */;
			compatibilityVersion = "Xcode 9.3";
			developmentRegion = en;
			hasScannedForEncodings = 0;
			knownRegions = (
				en,
				Base,
			);
			mainGroup = 0495F0A6257A2C2A00BCD1E9;
			productRefGroup = 0495F0B0257A2C2A00BCD1E9 /* Products */;
			projectDirPath = "";
			projectRoot = "";
			targets = (
				0495F0AE257A2C2A00BCD1E9 /* LKAppCore */,
				0495F0C9257A2C2E00BCD1E9 /* LKAppCoreTests */,
				0495F0D4257A2C2E00BCD1E9 /* LKAppCoreUITests */,
			);
		};
/* End PBXProject section */

/* Begin PBXResourcesBuildPhase section */
		0495F0AD257A2C2A00BCD1E9 /* Resources */ = {
			isa = PBXResourcesBuildPhase;
			buildActionMask = 2147483647;
			files = (
				0495F0C2257A2C2D00BCD1E9 /* LaunchScreen.storyboard in Resources */,
				0495F0BF257A2C2D00BCD1E9 /* Assets.xcassets in Resources */,
				0495F0BD257A2C2A00BCD1E9 /* Main.storyboard in Resources */,
			);
			runOnlyForDeploymentPostprocessing = 0;
		};
		0495F0C8257A2C2E00BCD1E9 /* Resources */ = {
			isa = PBXResourcesBuildPhase;
			buildActionMask = 2147483647;
			files = (
			);
			runOnlyForDeploymentPostprocessing = 0;
		};
		0495F0D3257A2C2E00BCD1E9 /* Resources */ = {
			isa = PBXResourcesBuildPhase;
			buildActionMask = 2147483647;
			files = (
			);
			runOnlyForDeploymentPostprocessing = 0;
		};
/* End PBXResourcesBuildPhase section */

/* Begin PBXSourcesBuildPhase section */
		0495F0AB257A2C2A00BCD1E9 /* Sources */ = {
			isa = PBXSourcesBuildPhase;
			buildActionMask = 2147483647;
			files = (
				0495F102257A2CD700BCD1E9 /* LKUploadRequest.m in Sources */,
				0495F0BA257A2C2A00BCD1E9 /* ViewController.m in Sources */,
				0495F0B4257A2C2A00BCD1E9 /* AppDelegate.m in Sources */,
				0495F0FE257A2CD700BCD1E9 /* LKUserInfoManager.m in Sources */,
				0495F0C5257A2C2D00BCD1E9 /* main.m in Sources */,
				0495F0B7257A2C2A00BCD1E9 /* SceneDelegate.m in Sources */,
				0495F100257A2CD700BCD1E9 /* LKRequest.m in Sources */,
				0495F0FF257A2CD700BCD1E9 /* LKResponse.m in Sources */,
				0495F101257A2CD700BCD1E9 /* LKUserModel.m in Sources */,
			);
			runOnlyForDeploymentPostprocessing = 0;
		};
		0495F0C6257A2C2E00BCD1E9 /* Sources */ = {
			isa = PBXSourcesBuildPhase;
			buildActionMask = 2147483647;
			files = (
				0495F0CF257A2C2E00BCD1E9 /* LKAppCoreTests.m in Sources */,
			);
			runOnlyForDeploymentPostprocessing = 0;
		};
		0495F0D1257A2C2E00BCD1E9 /* Sources */ = {
			isa = PBXSourcesBuildPhase;
			buildActionMask = 2147483647;
			files = (
				0495F0DA257A2C2E00BCD1E9 /* LKAppCoreUITests.m in Sources */,
			);
			runOnlyForDeploymentPostprocessing = 0;
		};
/* End PBXSourcesBuildPhase section */

/* Begin PBXTargetDependency section */
		0495F0CC257A2C2E00BCD1E9 /* PBXTargetDependency */ = {
			isa = PBXTargetDependency;
			target = 0495F0AE257A2C2A00BCD1E9 /* LKAppCore */;
			targetProxy = 0495F0CB257A2C2E00BCD1E9 /* PBXContainerItemProxy */;
		};
		0495F0D7257A2C2E00BCD1E9 /* PBXTargetDependency */ = {
			isa = PBXTargetDependency;
			target = 0495F0AE257A2C2A00BCD1E9 /* LKAppCore */;
			targetProxy = 0495F0D6257A2C2E00BCD1E9 /* PBXContainerItemProxy */;
		};
/* End PBXTargetDependency section */

/* Begin PBXVariantGroup section */
		0495F0BB257A2C2A00BCD1E9 /* Main.storyboard */ = {
			isa = PBXVariantGroup;
			children = (
				0495F0BC257A2C2A00BCD1E9 /* Base */,
			);
			name = Main.storyboard;
			sourceTree = "<group>";
		};
		0495F0C0257A2C2D00BCD1E9 /* LaunchScreen.storyboard */ = {
			isa = PBXVariantGroup;
			children = (
				0495F0C1257A2C2D00BCD1E9 /* Base */,
			);
			name = LaunchScreen.storyboard;
			sourceTree = "<group>";
		};
/* End PBXVariantGroup section */

/* Begin XCBuildConfiguration section */
		0495F0DC257A2C2E00BCD1E9 /* Debug */ = {
			isa = XCBuildConfiguration;
			buildSettings = {
				ALWAYS_SEARCH_USER_PATHS = NO;
				CLANG_ANALYZER_NONNULL = YES;
				CLANG_ANALYZER_NUMBER_OBJECT_CONVERSION = YES_AGGRESSIVE;
				CLANG_CXX_LANGUAGE_STANDARD = "gnu++14";
				CLANG_CXX_LIBRARY = "libc++";
				CLANG_ENABLE_MODULES = YES;
				CLANG_ENABLE_OBJC_ARC = YES;
				CLANG_ENABLE_OBJC_WEAK = YES;
				CLANG_WARN_BLOCK_CAPTURE_AUTORELEASING = YES;
				CLANG_WARN_BOOL_CONVERSION = YES;
				CLANG_WARN_COMMA = YES;
				CLANG_WARN_CONSTANT_CONVERSION = YES;
				CLANG_WARN_DEPRECATED_OBJC_IMPLEMENTATIONS = YES;
				CLANG_WARN_DIRECT_OBJC_ISA_USAGE = YES_ERROR;
				CLANG_WARN_DOCUMENTATION_COMMENTS = YES;
				CLANG_WARN_EMPTY_BODY = YES;
				CLANG_WARN_ENUM_CONVERSION = YES;
				CLANG_WARN_INFINITE_RECURSION = YES;
				CLANG_WARN_INT_CONVERSION = YES;
				CLANG_WARN_NON_LITERAL_NULL_CONVERSION = YES;
				CLANG_WARN_OBJC_IMPLICIT_RETAIN_SELF = YES;
				CLANG_WARN_OBJC_LITERAL_CONVERSION = YES;
				CLANG_WARN_OBJC_ROOT_CLASS = YES_ERROR;
				CLANG_WARN_QUOTED_INCLUDE_IN_FRAMEWORK_HEADER = YES;
				CLANG_WARN_RANGE_LOOP_ANALYSIS = YES;
				CLANG_WARN_STRICT_PROTOTYPES = YES;
				CLANG_WARN_SUSPICIOUS_MOVE = YES;
				CLANG_WARN_UNGUARDED_AVAILABILITY = YES_AGGRESSIVE;
				CLANG_WARN_UNREACHABLE_CODE = YES;
				CLANG_WARN__DUPLICATE_METHOD_MATCH = YES;
				COPY_PHASE_STRIP = NO;
				DEBUG_INFORMATION_FORMAT = dwarf;
				ENABLE_STRICT_OBJC_MSGSEND = YES;
				ENABLE_TESTABILITY = YES;
				GCC_C_LANGUAGE_STANDARD = gnu11;
				GCC_DYNAMIC_NO_PIC = NO;
				GCC_NO_COMMON_BLOCKS = YES;
				GCC_OPTIMIZATION_LEVEL = 0;
				GCC_PREPROCESSOR_DEFINITIONS = (
					"DEBUG=1",
					"$(inherited)",
				);
				GCC_WARN_64_TO_32_BIT_CONVERSION = YES;
				GCC_WARN_ABOUT_RETURN_TYPE = YES_ERROR;
				GCC_WARN_UNDECLARED_SELECTOR = YES;
				GCC_WARN_UNINITIALIZED_AUTOS = YES_AGGRESSIVE;
				GCC_WARN_UNUSED_FUNCTION = YES;
				GCC_WARN_UNUSED_VARIABLE = YES;
				IPHONEOS_DEPLOYMENT_TARGET = 14.2;
				MTL_ENABLE_DEBUG_INFO = INCLUDE_SOURCE;
				MTL_FAST_MATH = YES;
				ONLY_ACTIVE_ARCH = YES;
				SDKROOT = iphoneos;
			};
			name = Debug;
		};
		0495F0DD257A2C2E00BCD1E9 /* Release */ = {
			isa = XCBuildConfiguration;
			buildSettings = {
				ALWAYS_SEARCH_USER_PATHS = NO;
				CLANG_ANALYZER_NONNULL = YES;
				CLANG_ANALYZER_NUMBER_OBJECT_CONVERSION = YES_AGGRESSIVE;
				CLANG_CXX_LANGUAGE_STANDARD = "gnu++14";
				CLANG_CXX_LIBRARY = "libc++";
				CLANG_ENABLE_MODULES = YES;
				CLANG_ENABLE_OBJC_ARC = YES;
				CLANG_ENABLE_OBJC_WEAK = YES;
				CLANG_WARN_BLOCK_CAPTURE_AUTORELEASING = YES;
				CLANG_WARN_BOOL_CONVERSION = YES;
				CLANG_WARN_COMMA = YES;
				CLANG_WARN_CONSTANT_CONVERSION = YES;
				CLANG_WARN_DEPRECATED_OBJC_IMPLEMENTATIONS = YES;
				CLANG_WARN_DIRECT_OBJC_ISA_USAGE = YES_ERROR;
				CLANG_WARN_DOCUMENTATION_COMMENTS = YES;
				CLANG_WARN_EMPTY_BODY = YES;
				CLANG_WARN_ENUM_CONVERSION = YES;
				CLANG_WARN_INFINITE_RECURSION = YES;
				CLANG_WARN_INT_CONVERSION = YES;
				CLANG_WARN_NON_LITERAL_NULL_CONVERSION = YES;
				CLANG_WARN_OBJC_IMPLICIT_RETAIN_SELF = YES;
				CLANG_WARN_OBJC_LITERAL_CONVERSION = YES;
				CLANG_WARN_OBJC_ROOT_CLASS = YES_ERROR;
				CLANG_WARN_QUOTED_INCLUDE_IN_FRAMEWORK_HEADER = YES;
				CLANG_WARN_RANGE_LOOP_ANALYSIS = YES;
				CLANG_WARN_STRICT_PROTOTYPES = YES;
				CLANG_WARN_SUSPICIOUS_MOVE = YES;
				CLANG_WARN_UNGUARDED_AVAILABILITY = YES_AGGRESSIVE;
				CLANG_WARN_UNREACHABLE_CODE = YES;
				CLANG_WARN__DUPLICATE_METHOD_MATCH = YES;
				COPY_PHASE_STRIP = NO;
				DEBUG_INFORMATION_FORMAT = "dwarf-with-dsym";
				ENABLE_NS_ASSERTIONS = NO;
				ENABLE_STRICT_OBJC_MSGSEND = YES;
				GCC_C_LANGUAGE_STANDARD = gnu11;
				GCC_NO_COMMON_BLOCKS = YES;
				GCC_WARN_64_TO_32_BIT_CONVERSION = YES;
				GCC_WARN_ABOUT_RETURN_TYPE = YES_ERROR;
				GCC_WARN_UNDECLARED_SELECTOR = YES;
				GCC_WARN_UNINITIALIZED_AUTOS = YES_AGGRESSIVE;
				GCC_WARN_UNUSED_FUNCTION = YES;
				GCC_WARN_UNUSED_VARIABLE = YES;
				IPHONEOS_DEPLOYMENT_TARGET = 14.2;
				MTL_ENABLE_DEBUG_INFO = NO;
				MTL_FAST_MATH = YES;
				SDKROOT = iphoneos;
				VALIDATE_PRODUCT = YES;
			};
			name = Release;
		};
		0495F0DF257A2C2E00BCD1E9 /* Debug */ = {
			isa = XCBuildConfiguration;
			buildSettings = {
				ASSETCATALOG_COMPILER_APPICON_NAME = AppIcon;
				ASSETCATALOG_COMPILER_GLOBAL_ACCENT_COLOR_NAME = AccentColor;
				CODE_SIGN_STYLE = Automatic;
				FRAMEWORK_SEARCH_PATHS = (
					"$(inherited)",
					"$(PROJECT_DIR)/Framework",
				);
				INFOPLIST_FILE = LKAppCore/Info.plist;
				LD_RUNPATH_SEARCH_PATHS = (
					"$(inherited)",
					"@executable_path/Frameworks",
				);
				PRODUCT_BUNDLE_IDENTIFIER = net.luculent.nmg.ybsdzt.LKAppCore;
				PRODUCT_NAME = "$(TARGET_NAME)";
				TARGETED_DEVICE_FAMILY = "1,2";
			};
			name = Debug;
		};
		0495F0E0257A2C2E00BCD1E9 /* Release */ = {
			isa = XCBuildConfiguration;
			buildSettings = {
				ASSETCATALOG_COMPILER_APPICON_NAME = AppIcon;
				ASSETCATALOG_COMPILER_GLOBAL_ACCENT_COLOR_NAME = AccentColor;
				CODE_SIGN_STYLE = Automatic;
				FRAMEWORK_SEARCH_PATHS = (
					"$(inherited)",
					"$(PROJECT_DIR)/Framework",
				);
				INFOPLIST_FILE = LKAppCore/Info.plist;
				LD_RUNPATH_SEARCH_PATHS = (
					"$(inherited)",
					"@executable_path/Frameworks",
				);
				PRODUCT_BUNDLE_IDENTIFIER = net.luculent.nmg.ybsdzt.LKAppCore;
				PRODUCT_NAME = "$(TARGET_NAME)";
				TARGETED_DEVICE_FAMILY = "1,2";
			};
			name = Release;
		};
		0495F0E2257A2C2E00BCD1E9 /* Debug */ = {
			isa = XCBuildConfiguration;
			buildSettings = {
				BUNDLE_LOADER = "$(TEST_HOST)";
				CODE_SIGN_STYLE = Automatic;
				INFOPLIST_FILE = LKAppCoreTests/Info.plist;
				IPHONEOS_DEPLOYMENT_TARGET = 14.2;
				LD_RUNPATH_SEARCH_PATHS = (
					"$(inherited)",
					"@executable_path/Frameworks",
					"@loader_path/Frameworks",
				);
				PRODUCT_BUNDLE_IDENTIFIER = net.luculent.nmg.ybsdzt.LKAppCoreTests;
				PRODUCT_NAME = "$(TARGET_NAME)";
				TARGETED_DEVICE_FAMILY = "1,2";
				TEST_HOST = "$(BUILT_PRODUCTS_DIR)/LKAppCore.app/LKAppCore";
			};
			name = Debug;
		};
		0495F0E3257A2C2E00BCD1E9 /* Release */ = {
			isa = XCBuildConfiguration;
			buildSettings = {
				BUNDLE_LOADER = "$(TEST_HOST)";
				CODE_SIGN_STYLE = Automatic;
				INFOPLIST_FILE = LKAppCoreTests/Info.plist;
				IPHONEOS_DEPLOYMENT_TARGET = 14.2;
				LD_RUNPATH_SEARCH_PATHS = (
					"$(inherited)",
					"@executable_path/Frameworks",
					"@loader_path/Frameworks",
				);
				PRODUCT_BUNDLE_IDENTIFIER = net.luculent.nmg.ybsdzt.LKAppCoreTests;
				PRODUCT_NAME = "$(TARGET_NAME)";
				TARGETED_DEVICE_FAMILY = "1,2";
				TEST_HOST = "$(BUILT_PRODUCTS_DIR)/LKAppCore.app/LKAppCore";
			};
			name = Release;
		};
		0495F0E5257A2C2E00BCD1E9 /* Debug */ = {
			isa = XCBuildConfiguration;
			buildSettings = {
				CODE_SIGN_STYLE = Automatic;
				INFOPLIST_FILE = LKAppCoreUITests/Info.plist;
				LD_RUNPATH_SEARCH_PATHS = (
					"$(inherited)",
					"@executable_path/Frameworks",
					"@loader_path/Frameworks",
				);
				PRODUCT_BUNDLE_IDENTIFIER = net.luculent.nmg.ybsdzt.LKAppCoreUITests;
				PRODUCT_NAME = "$(TARGET_NAME)";
				TARGETED_DEVICE_FAMILY = "1,2";
				TEST_TARGET_NAME = LKAppCore;
			};
			name = Debug;
		};
		0495F0E6257A2C2E00BCD1E9 /* Release */ = {
			isa = XCBuildConfiguration;
			buildSettings = {
				CODE_SIGN_STYLE = Automatic;
				INFOPLIST_FILE = LKAppCoreUITests/Info.plist;
				LD_RUNPATH_SEARCH_PATHS = (
					"$(inherited)",
					"@executable_path/Frameworks",
					"@loader_path/Frameworks",
				);
				PRODUCT_BUNDLE_IDENTIFIER = net.luculent.nmg.ybsdzt.LKAppCoreUITests;
				PRODUCT_NAME = "$(TARGET_NAME)";
				TARGETED_DEVICE_FAMILY = "1,2";
				TEST_TARGET_NAME = LKAppCore;
			};
			name = Release;
		};
/* End XCBuildConfiguration section */

/* Begin XCConfigurationList section */
		0495F0AA257A2C2A00BCD1E9 /* Build configuration list for PBXProject "LKAppCore" */ = {
			isa = XCConfigurationList;
			buildConfigurations = (
				0495F0DC257A2C2E00BCD1E9 /* Debug */,
				0495F0DD257A2C2E00BCD1E9 /* Release */,
			);
			defaultConfigurationIsVisible = 0;
			defaultConfigurationName = Release;
		};
		0495F0DE257A2C2E00BCD1E9 /* Build configuration list for PBXNativeTarget "LKAppCore" */ = {
			isa = XCConfigurationList;
			buildConfigurations = (
				0495F0DF257A2C2E00BCD1E9 /* Debug */,
				0495F0E0257A2C2E00BCD1E9 /* Release */,
			);
			defaultConfigurationIsVisible = 0;
			defaultConfigurationName = Release;
		};
		0495F0E1257A2C2E00BCD1E9 /* Build configuration list for PBXNativeTarget "LKAppCoreTests" */ = {
			isa = XCConfigurationList;
			buildConfigurations = (
				0495F0E2257A2C2E00BCD1E9 /* Debug */,
				0495F0E3257A2C2E00BCD1E9 /* Release */,
			);
			defaultConfigurationIsVisible = 0;
			defaultConfigurationName = Release;
		};
		0495F0E4257A2C2E00BCD1E9 /* Build configuration list for PBXNativeTarget "LKAppCoreUITests" */ = {
			isa = XCConfigurationList;
			buildConfigurations = (
				0495F0E5257A2C2E00BCD1E9 /* Debug */,
				0495F0E6257A2C2E00BCD1E9 /* Release */,
			);
			defaultConfigurationIsVisible = 0;
			defaultConfigurationName = Release;
		};
/* End XCConfigurationList section */
	};
	rootObject = 0495F0A7257A2C2A00BCD1E9 /* Project object */;
}
