PODS:
  - AFNetworking (4.0.1):
    - AFNetworking/NSURLSession (= 4.0.1)
    - AFNetworking/Reachability (= 4.0.1)
    - AFNetworking/Security (= 4.0.1)
    - AFNetworking/Serialization (= 4.0.1)
    - AFNetworking/UIKit (= 4.0.1)
  - AFNetworking/NSURLSession (4.0.1):
    - AFNetworking/Reachability
    - AFNetworking/Security
    - AFNetworking/Serialization
  - AFNetworking/Reachability (4.0.1)
  - AFNetworking/Security (4.0.1)
  - AFNetworking/Serialization (4.0.1)
  - AFNetworking/UIKit (4.0.1):
    - AFNetworking/NSURLSession
  - MJExtension (3.2.2)
  - SVProgressHUD (2.1.2)
  - YTKNetwork (3.0.4):
    - AFNetworking/NSURLSession (~> 4.0)

DEPENDENCIES:
  - AFNetworking (~> 4.0)
  - MJExtension
  - SVProgressHUD (~> 2.1.2)
  - YTKNetwork (~> 3.0.4)

SPEC REPOS:
  trunk:
    - AFNetworking
    - MJExtension
    - SVProgressHUD
    - YTKNetwork

SPEC CHECKSUMS:
  AFNetworking: 7864c38297c79aaca1500c33288e429c3451fdce
  MJExtension: d9b9c74cbdeb724c1e9ecbb157b318276e62e876
  SVProgressHUD: c404a55d78acbeb7ebb78b76d3faf986475a6994
  YTKNetwork: a096f80c18c7e7cc0e623a0fbea0a1bfd3f5bcf2

PODFILE CHECKSUM: f2e04cab5ed363ad5d5a1cc37e7c21bb41f070ad

COCOAPODS: 1.9.1
